
Microsoft Visual Studio Solution File, Format Version 12.00
# Visual Studio Version 16
VisualStudioVersion = 16.0.31624.102
MinimumVisualStudioVersion = 10.0.40219.1
Project("{2150E333-8FDC-42A3-9474-1A3956D46DE8}") = "Day01", "Day01", "{E106C58A-EF81-4E2A-9905-C5D03EABF96F}"
EndProject
Project("{9A19103F-16F7-4668-BE54-9A1E7A4F7556}") = "Day01ConsoleApp", "Day01\Day01ConsoleApp\Day01ConsoleApp.csproj", "{791534C9-2484-4F61-9B8F-BC932E5BDCAF}"
EndProject
Project("{2150E333-8FDC-42A3-9474-1A3956D46DE8}") = "Common", "Common", "{43F95062-3DB5-4032-8395-AA19FADF086C}"
EndProject
Project("{9A19103F-16F7-4668-BE54-9A1E7A4F7556}") = "AdventUtils", "Common\AdventUtils\AdventUtils.csproj", "{FC4B6C38-4CA6-44BC-BA06-37F65D0F90FF}"
EndProject
Project("{2150E333-8FDC-42A3-9474-1A3956D46DE8}") = "Day02", "Day02", "{0C55A111-DEFC-4FBF-9CAE-259D59999F85}"
EndProject
Project("{9A19103F-16F7-4668-BE54-9A1E7A4F7556}") = "Day02ConsoleApp", "Day02\Day02ConsoleApp\Day02ConsoleApp.csproj", "{C5A596E0-50FB-497B-A5DC-AD524A07EE24}"
EndProject
Project("{2150E333-8FDC-42A3-9474-1A3956D46DE8}") = "Day03", "Day03", "{0B72C7EB-283E-4C84-A909-D0C62D6723BC}"
EndProject
Project("{FAE04EC0-301F-11D3-BF4B-00C04F79EFBC}") = "Day03ConsoleApp", "Day03\Day03ConsoleApp\Day03ConsoleApp.csproj", "{B101E089-2D29-40C5-AFF6-C935405F3715}"
EndProject
Project("{2150E333-8FDC-42A3-9474-1A3956D46DE8}") = "Day04", "Day04", "{409E6799-A6B5-48BF-A5BD-97B802E75D62}"
EndProject
Project("{FAE04EC0-301F-11D3-BF4B-00C04F79EFBC}") = "Day04ConsoleApp", "Day04\Day04ConsoleApp\Day04ConsoleApp.csproj", "{F9007117-D1C4-47FE-9473-8F491BA96A40}"
EndProject
Global
	GlobalSection(SolutionConfigurationPlatforms) = preSolution
		Debug|Any CPU = Debug|Any CPU
		Release|Any CPU = Release|Any CPU
	EndGlobalSection
	GlobalSection(ProjectConfigurationPlatforms) = postSolution
		{791534C9-2484-4F61-9B8F-BC932E5BDCAF}.Debug|Any CPU.ActiveCfg = Debug|Any CPU
		{791534C9-2484-4F61-9B8F-BC932E5BDCAF}.Debug|Any CPU.Build.0 = Debug|Any CPU
		{791534C9-2484-4F61-9B8F-BC932E5BDCAF}.Release|Any CPU.ActiveCfg = Release|Any CPU
		{791534C9-2484-4F61-9B8F-BC932E5BDCAF}.Release|Any CPU.Build.0 = Release|Any CPU
		{FC4B6C38-4CA6-44BC-BA06-37F65D0F90FF}.Debug|Any CPU.ActiveCfg = Debug|Any CPU
		{FC4B6C38-4CA6-44BC-BA06-37F65D0F90FF}.Debug|Any CPU.Build.0 = Debug|Any CPU
		{FC4B6C38-4CA6-44BC-BA06-37F65D0F90FF}.Release|Any CPU.ActiveCfg = Release|Any CPU
		{FC4B6C38-4CA6-44BC-BA06-37F65D0F90FF}.Release|Any CPU.Build.0 = Release|Any CPU
		{C5A596E0-50FB-497B-A5DC-AD524A07EE24}.Debug|Any CPU.ActiveCfg = Debug|Any CPU
		{C5A596E0-50FB-497B-A5DC-AD524A07EE24}.Debug|Any CPU.Build.0 = Debug|Any CPU
		{C5A596E0-50FB-497B-A5DC-AD524A07EE24}.Release|Any CPU.ActiveCfg = Release|Any CPU
		{C5A596E0-50FB-497B-A5DC-AD524A07EE24}.Release|Any CPU.Build.0 = Release|Any CPU
		{B101E089-2D29-40C5-AFF6-C935405F3715}.Debug|Any CPU.ActiveCfg = Debug|Any CPU
		{B101E089-2D29-40C5-AFF6-C935405F3715}.Debug|Any CPU.Build.0 = Debug|Any CPU
		{B101E089-2D29-40C5-AFF6-C935405F3715}.Release|Any CPU.ActiveCfg = Release|Any CPU
		{B101E089-2D29-40C5-AFF6-C935405F3715}.Release|Any CPU.Build.0 = Release|Any CPU
		{F9007117-D1C4-47FE-9473-8F491BA96A40}.Debug|Any CPU.ActiveCfg = Debug|Any CPU
		{F9007117-D1C4-47FE-9473-8F491BA96A40}.Debug|Any CPU.Build.0 = Debug|Any CPU
		{F9007117-D1C4-47FE-9473-8F491BA96A40}.Release|Any CPU.ActiveCfg = Release|Any CPU
		{F9007117-D1C4-47FE-9473-8F491BA96A40}.Release|Any CPU.Build.0 = Release|Any CPU
	EndGlobalSection
	GlobalSection(SolutionProperties) = preSolution
		HideSolutionNode = FALSE
	EndGlobalSection
	GlobalSection(NestedProjects) = preSolution
		{791534C9-2484-4F61-9B8F-BC932E5BDCAF} = {E106C58A-EF81-4E2A-9905-C5D03EABF96F}
		{FC4B6C38-4CA6-44BC-BA06-37F65D0F90FF} = {43F95062-3DB5-4032-8395-AA19FADF086C}
		{C5A596E0-50FB-497B-A5DC-AD524A07EE24} = {0C55A111-DEFC-4FBF-9CAE-259D59999F85}
		{B101E089-2D29-40C5-AFF6-C935405F3715} = {0B72C7EB-283E-4C84-A909-D0C62D6723BC}
		{F9007117-D1C4-47FE-9473-8F491BA96A40} = {409E6799-A6B5-48BF-A5BD-97B802E75D62}
	EndGlobalSection
	GlobalSection(ExtensibilityGlobals) = postSolution
		SolutionGuid = {9D1D8EC4-AA34-47C8-8FB3-AC290D585168}
	EndGlobalSection
EndGlobal
